
Microsoft Visual Studio Solution File, Format Version 12.00
# Visual Studio Version 16
VisualStudioVersion = 16.0.29123.88
MinimumVisualStudioVersion = 10.0.40219.1
Project("{FAE04EC0-301F-11D3-BF4B-00C04F79EFBC}") = "Noughts UND Crosses", "Noughts UND Crosses\Noughts UND Crosses.csproj", "{393AEB2B-5B06-4D91-A968-DFF1DF204884}"
EndProject
Global
	GlobalSection(SolutionConfigurationPlatforms) = preSolution
		Debug|Any CPU = Debug|Any CPU
		Release|Any CPU = Release|Any CPU
	EndGlobalSection
	GlobalSection(ProjectConfigurationPlatforms) = postSolution
		{393AEB2B-5B06-4D91-A968-DFF1DF204884}.Debug|Any CPU.ActiveCfg = Debug|Any CPU
		{393AEB2B-5B06-4D91-A968-DFF1DF204884}.Debug|Any CPU.Build.0 = Debug|Any CPU
		{393AEB2B-5B06-4D91-A968-DFF1DF204884}.Release|Any CPU.ActiveCfg = Release|Any CPU
		{393AEB2B-5B06-4D91-A968-DFF1DF204884}.Release|Any CPU.Build.0 = Release|Any CPU
	EndGlobalSection
	GlobalSection(SolutionProperties) = preSolution
		HideSolutionNode = FALSE
	EndGlobalSection
	GlobalSection(ExtensibilityGlobals) = postSolution
		SolutionGuid = {46BB065B-8DB4-457A-95EF-91D5524322D3}
	EndGlobalSection
EndGlobal
